
Microsoft Visual Studio Solution File, Format Version 12.00
# Visual Studio Version 16
VisualStudioVersion = 16.0.31624.102
MinimumVisualStudioVersion = 10.0.40219.1
Project("{8BC9CEB8-8B4A-11D0-8D11-00A0C91BC942}") = "SEngine", "SEngine\SEngine.vcxproj", "{4F2EE49B-29BE-4FB6-AE7F-8AFB57A04B78}"
EndProject
Project("{8BC9CEB8-8B4A-11D0-8D11-00A0C91BC942}") = "SpaceGame", "SpaceGame\SpaceGame.vcxproj", "{124B13C0-8108-468E-9CCB-C0AFF9778DA6}"
EndProject
Global
	GlobalSection(SolutionConfigurationPlatforms) = preSolution
		Debug|x64 = Debug|x64
		Debug|x86 = Debug|x86
		Release|x64 = Release|x64
		Release|x86 = Release|x86
	EndGlobalSection
	GlobalSection(ProjectConfigurationPlatforms) = postSolution
		{4F2EE49B-29BE-4FB6-AE7F-8AFB57A04B78}.Debug|x64.ActiveCfg = Debug|x64
		{4F2EE49B-29BE-4FB6-AE7F-8AFB57A04B78}.Debug|x64.Build.0 = Debug|x64
		{4F2EE49B-29BE-4FB6-AE7F-8AFB57A04B78}.Debug|x86.ActiveCfg = Debug|Win32
		{4F2EE49B-29BE-4FB6-AE7F-8AFB57A04B78}.Debug|x86.Build.0 = Debug|Win32
		{4F2EE49B-29BE-4FB6-AE7F-8AFB57A04B78}.Release|x64.ActiveCfg = Release|x64
		{4F2EE49B-29BE-4FB6-AE7F-8AFB57A04B78}.Release|x64.Build.0 = Release|x64
		{4F2EE49B-29BE-4FB6-AE7F-8AFB57A04B78}.Release|x86.ActiveCfg = Release|Win32
		{4F2EE49B-29BE-4FB6-AE7F-8AFB57A04B78}.Release|x86.Build.0 = Release|Win32
		{124B13C0-8108-468E-9CCB-C0AFF9778DA6}.Debug|x64.ActiveCfg = Debug|x64
		{124B13C0-8108-468E-9CCB-C0AFF9778DA6}.Debug|x64.Build.0 = Debug|x64
		{124B13C0-8108-468E-9CCB-C0AFF9778DA6}.Debug|x86.ActiveCfg = Debug|Win32
		{124B13C0-8108-468E-9CCB-C0AFF9778DA6}.Debug|x86.Build.0 = Debug|Win32
		{124B13C0-8108-468E-9CCB-C0AFF9778DA6}.Release|x64.ActiveCfg = Release|x64
		{124B13C0-8108-468E-9CCB-C0AFF9778DA6}.Release|x64.Build.0 = Release|x64
		{124B13C0-8108-468E-9CCB-C0AFF9778DA6}.Release|x86.ActiveCfg = Release|Win32
		{124B13C0-8108-468E-9CCB-C0AFF9778DA6}.Release|x86.Build.0 = Release|Win32
	EndGlobalSection
	GlobalSection(SolutionProperties) = preSolution
		HideSolutionNode = FALSE
	EndGlobalSection
	GlobalSection(ExtensibilityGlobals) = postSolution
		SolutionGuid = {52AAA6B1-163D-47B3-9085-F97BF8B70FCE}
	EndGlobalSection
EndGlobal
